
Microsoft Visual Studio Solution File, Format Version 12.00
# Visual Studio 15
VisualStudioVersion = 15.0.27703.2047
MinimumVisualStudioVersion = 10.0.40219.1
Project("{FAE04EC0-301F-11D3-BF4B-00C04F79EFBC}") = "MazeGenerator", "MazeGenerator\MazeGenerator.csproj", "{4BF96786-69F8-4D6C-A4F9-F12477EA3B09}"
EndProject
Global
	GlobalSection(SolutionConfigurationPlatforms) = preSolution
		Debug|Any CPU = Debug|Any CPU
		Release|Any CPU = Release|Any CPU
	EndGlobalSection
	GlobalSection(ProjectConfigurationPlatforms) = postSolution
		{4BF96786-69F8-4D6C-A4F9-F12477EA3B09}.Debug|Any CPU.ActiveCfg = Debug|Any CPU
		{4BF96786-69F8-4D6C-A4F9-F12477EA3B09}.Debug|Any CPU.Build.0 = Debug|Any CPU
		{4BF96786-69F8-4D6C-A4F9-F12477EA3B09}.Release|Any CPU.ActiveCfg = Release|Any CPU
		{4BF96786-69F8-4D6C-A4F9-F12477EA3B09}.Release|Any CPU.Build.0 = Release|Any CPU
	EndGlobalSection
	GlobalSection(SolutionProperties) = preSolution
		HideSolutionNode = FALSE
	EndGlobalSection
	GlobalSection(ExtensibilityGlobals) = postSolution
		SolutionGuid = {45F511A5-544F-4AE7-8ACB-49CEFEB79FAD}
	EndGlobalSection
EndGlobal
